
Microsoft Visual Studio Solution File, Format Version 12.00
# Visual Studio Version 17
VisualStudioVersion = 17.10.35027.167
MinimumVisualStudioVersion = 10.0.40219.1
Project("{FAE04EC0-301F-11D3-BF4B-00C04F79EFBC}") = "AlgorithmsDataStructures", "AlgorithmsDataStructures\AlgorithmsDataStructures.csproj", "{90010282-7796-48BC-B33F-42527D81F8CC}"
EndProject
Global
	GlobalSection(SolutionConfigurationPlatforms) = preSolution
		Debug|Any CPU = Debug|Any CPU
		Release|Any CPU = Release|Any CPU
	EndGlobalSection
	GlobalSection(ProjectConfigurationPlatforms) = postSolution
		{90010282-7796-48BC-B33F-42527D81F8CC}.Debug|Any CPU.ActiveCfg = Debug|Any CPU
		{90010282-7796-48BC-B33F-42527D81F8CC}.Debug|Any CPU.Build.0 = Debug|Any CPU
		{90010282-7796-48BC-B33F-42527D81F8CC}.Release|Any CPU.ActiveCfg = Release|Any CPU
		{90010282-7796-48BC-B33F-42527D81F8CC}.Release|Any CPU.Build.0 = Release|Any CPU
	EndGlobalSection
	GlobalSection(SolutionProperties) = preSolution
		HideSolutionNode = FALSE
	EndGlobalSection
	GlobalSection(ExtensibilityGlobals) = postSolution
		SolutionGuid = {54AF2987-7B3F-4278-8E05-28076415E348}
	EndGlobalSection
EndGlobal
